
Microsoft Visual Studio Solution File, Format Version 12.00
# Visual Studio Version 16
VisualStudioVersion = 16.0.29806.167
MinimumVisualStudioVersion = 10.0.40219.1
Project("{FAE04EC0-301F-11D3-BF4B-00C04F79EFBC}") = "SifreTakipUygulama", "SifreTakipUygulama.csproj", "{715AD309-9047-4D2A-A86D-83F89BBFB385}"
EndProject
Global
	GlobalSection(SolutionConfigurationPlatforms) = preSolution
		Debug|Any CPU = Debug|Any CPU
		Release|Any CPU = Release|Any CPU
	EndGlobalSection
	GlobalSection(ProjectConfigurationPlatforms) = postSolution
		{715AD309-9047-4D2A-A86D-83F89BBFB385}.Debug|Any CPU.ActiveCfg = Debug|Any CPU
		{715AD309-9047-4D2A-A86D-83F89BBFB385}.Debug|Any CPU.Build.0 = Debug|Any CPU
		{715AD309-9047-4D2A-A86D-83F89BBFB385}.Release|Any CPU.ActiveCfg = Release|Any CPU
		{715AD309-9047-4D2A-A86D-83F89BBFB385}.Release|Any CPU.Build.0 = Release|Any CPU
	EndGlobalSection
	GlobalSection(SolutionProperties) = preSolution
		HideSolutionNode = FALSE
	EndGlobalSection
	GlobalSection(ExtensibilityGlobals) = postSolution
		SolutionGuid = {C7140A65-213E-43CE-BD87-A4BD09CEE413}
	EndGlobalSection
EndGlobal
